
Microsoft Visual Studio Solution File, Format Version 12.00
# Visual Studio Version 17
VisualStudioVersion = 17.12.35527.113
MinimumVisualStudioVersion = 10.0.40219.1
Project("{FAE04EC0-301F-11D3-BF4B-00C04F79EFBC}") = "WebApplication1_test", "WebApplication1_test\WebApplication1_test.csproj", "{819D9EA6-79E6-4575-BBDE-BCB11D34AEFC}"
EndProject
Global
	GlobalSection(SolutionConfigurationPlatforms) = preSolution
		Debug|Any CPU = Debug|Any CPU
		Release|Any CPU = Release|Any CPU
	EndGlobalSection
	GlobalSection(ProjectConfigurationPlatforms) = postSolution
		{819D9EA6-79E6-4575-BBDE-BCB11D34AEFC}.Debug|Any CPU.ActiveCfg = Debug|Any CPU
		{819D9EA6-79E6-4575-BBDE-BCB11D34AEFC}.Debug|Any CPU.Build.0 = Debug|Any CPU
		{819D9EA6-79E6-4575-BBDE-BCB11D34AEFC}.Release|Any CPU.ActiveCfg = Release|Any CPU
		{819D9EA6-79E6-4575-BBDE-BCB11D34AEFC}.Release|Any CPU.Build.0 = Release|Any CPU
	EndGlobalSection
	GlobalSection(SolutionProperties) = preSolution
		HideSolutionNode = FALSE
	EndGlobalSection
EndGlobal
